Microsoft Visual Studio Solution File, Format Version 11.00
# Visual Studio 2008

Project("{BE1BF9A0-3090-2B2F-C6A8-88D148E0C82F}") = "PerspectivalMovement", "Assembly-CSharp-firstpass.csproj", "{393B59AE-0BF9-8066-18F1-0EEA7F76CFD6}"
EndProject
Project("{BE1BF9A0-3090-2B2F-C6A8-88D148E0C82F}") = "PerspectivalMovement", "Assembly-CSharp.csproj", "{16DB3B87-080B-E404-4C8E-28F8FFFB481B}"
EndProject
Project("{BE1BF9A0-3090-2B2F-C6A8-88D148E0C82F}") = "PerspectivalMovement", "Assembly-CSharp-Editor.csproj", "{94AB3D5F-2176-A7A5-D8D2-1D4720F3211C}"
EndProject
Global
	GlobalSection(SolutionConfigurationPlatforms) = preSolution
		Debug|Any CPU = Debug|Any CPU
		Release|Any CPU = Release|Any CPU
	EndGlobalSection
	GlobalSection(ProjectConfigurationPlatforms) = postSolution
		{393B59AE-0BF9-8066-18F1-0EEA7F76CFD6}.Debug|Any CPU.ActiveCfg = Debug|Any CPU
		{393B59AE-0BF9-8066-18F1-0EEA7F76CFD6}.Debug|Any CPU.Build.0 = Debug|Any CPU
		{393B59AE-0BF9-8066-18F1-0EEA7F76CFD6}.Release|Any CPU.ActiveCfg = Release|Any CPU
		{393B59AE-0BF9-8066-18F1-0EEA7F76CFD6}.Release|Any CPU.Build.0 = Release|Any CPU
		{16DB3B87-080B-E404-4C8E-28F8FFFB481B}.Debug|Any CPU.ActiveCfg = Debug|Any CPU
		{16DB3B87-080B-E404-4C8E-28F8FFFB481B}.Debug|Any CPU.Build.0 = Debug|Any CPU
		{16DB3B87-080B-E404-4C8E-28F8FFFB481B}.Release|Any CPU.ActiveCfg = Release|Any CPU
		{16DB3B87-080B-E404-4C8E-28F8FFFB481B}.Release|Any CPU.Build.0 = Release|Any CPU
		{94AB3D5F-2176-A7A5-D8D2-1D4720F3211C}.Debug|Any CPU.ActiveCfg = Debug|Any CPU
		{94AB3D5F-2176-A7A5-D8D2-1D4720F3211C}.Debug|Any CPU.Build.0 = Debug|Any CPU
		{94AB3D5F-2176-A7A5-D8D2-1D4720F3211C}.Release|Any CPU.ActiveCfg = Release|Any CPU
		{94AB3D5F-2176-A7A5-D8D2-1D4720F3211C}.Release|Any CPU.Build.0 = Release|Any CPU
	EndGlobalSection
	GlobalSection(SolutionProperties) = preSolution
		HideSolutionNode = FALSE
	EndGlobalSection
	GlobalSection(MonoDevelopProperties) = preSolution
		StartupItem = Assembly-CSharp.csproj
	EndGlobalSection
EndGlobal
